
Microsoft Visual Studio Solution File, Format Version 12.00
# Visual Studio Version 16
VisualStudioVersion = 16.0.29613.14
MinimumVisualStudioVersion = 10.0.40219.1
Project("{FAE04EC0-301F-11D3-BF4B-00C04F79EFBC}") = "StudentsХml", "StudentsХml.csproj", "{3047CB8C-61F5-47F5-9D1B-5735B294D5CC}"
EndProject
Global
	GlobalSection(SolutionConfigurationPlatforms) = preSolution
		Debug|Any CPU = Debug|Any CPU
		Release|Any CPU = Release|Any CPU
	EndGlobalSection
	GlobalSection(ProjectConfigurationPlatforms) = postSolution
		{3047CB8C-61F5-47F5-9D1B-5735B294D5CC}.Debug|Any CPU.ActiveCfg = Debug|Any CPU
		{3047CB8C-61F5-47F5-9D1B-5735B294D5CC}.Debug|Any CPU.Build.0 = Debug|Any CPU
		{3047CB8C-61F5-47F5-9D1B-5735B294D5CC}.Release|Any CPU.ActiveCfg = Release|Any CPU
		{3047CB8C-61F5-47F5-9D1B-5735B294D5CC}.Release|Any CPU.Build.0 = Release|Any CPU
	EndGlobalSection
	GlobalSection(SolutionProperties) = preSolution
		HideSolutionNode = FALSE
	EndGlobalSection
	GlobalSection(ExtensibilityGlobals) = postSolution
		SolutionGuid = {131998D7-DEF7-4F51-B95D-5D45F2402545}
	EndGlobalSection
EndGlobal
